{
  "name": "degoo-drive",
  "version": "0.1.0",
  "lockfileVersion": 3,
  "requires": true,
  "packages": {
    "": {
      "name": "degoo-drive",
      "version": "0.1.0",
      "dependencies": {
        "electron-store": "^8.1.0"
      },
      "devDependencies": {
        "electron": "^30.0.0",
        "electron-builder": "^24.13.0"
      }
    }
  }
}
